// !$*UTF8*$!
{
	archiveVersion = 1;
	classes = {
	};
	objectVersion = 55;
	objects = {

/* Begin PBXBuildFile section */
		5B4CE98D282B6D0D005AF632 /* assign5App.swift in Sources */ = {isa = PBXBuildFile; fileRef = 5B4CE98C282B6D0D005AF632 /* assign5App.swift */; };
		5B4CE98F282B6D0D005AF632 /* ContentView.swift in Sources */ = {isa = PBXBuildFile; fileRef = 5B4CE98E282B6D0D005AF632 /* ContentView.swift */; };
		5B4CE991282B6D0E005AF632 /* Assets.xcassets in Resources */ = {isa = PBXBuildFile; fileRef = 5B4CE990282B6D0E005AF632 /* Assets.xcassets */; };
		5B4CE994282B6D0E005AF632 /* Preview Assets.xcassets in Resources */ = {isa = PBXBuildFile; fileRef = 5B4CE993282B6D0E005AF632 /* Preview Assets.xcassets */; };
		5BFEB4A6282EC2BD003C9D05 /* GoogleService-Info.plist in Resources */ = {isa = PBXBuildFile; fileRef = 5BFEB4A5282EC2BD003C9D05 /* GoogleService-Info.plist */; };
		5BFEB4A8282EC939003C9D05 /* UploadView.swift in Sources */ = {isa = PBXBuildFile; fileRef = 5BFEB4A7282EC939003C9D05 /* UploadView.swift */; };
		5BFEB4AA282EC944003C9D05 /* PlayerView.swift in Sources */ = {isa = PBXBuildFile; fileRef = 5BFEB4A9282EC944003C9D05 /* PlayerView.swift */; };
		BDDA28DB375D3066D014D679 /* Pods_assign5.framework in Frameworks */ = {isa = PBXBuildFile; fileRef = AE10647BDCB56DEC38758991 /* Pods_assign5.framework */; };
/* End PBXBuildFile section */

/* Begin PBXFileReference section */
		5B4CE989282B6D0D005AF632 /* assign5.app */ = {isa = PBXFileReference; explicitFileType = wrapper.application; includeInIndex = 0; path = assign5.app; sourceTree = BUILT_PRODUCTS_DIR; };
		5B4CE98C282B6D0D005AF632 /* assign5App.swift */ = {isa = PBXFileReference; lastKnownFileType = sourcecode.swift; path = assign5App.swift; sourceTree = "<group>"; };
		5B4CE98E282B6D0D005AF632 /* ContentView.swift */ = {isa = PBXFileReference; lastKnownFileType = sourcecode.swift; path = ContentView.swift; sourceTree = "<group>"; };
		5B4CE990282B6D0E005AF632 /* Assets.xcassets */ = {isa = PBXFileReference; lastKnownFileType = folder.assetcatalog; path = Assets.xcassets; sourceTree = "<group>"; };
		5B4CE993282B6D0E005AF632 /* Preview Assets.xcassets */ = {isa = PBXFileReference; lastKnownFileType = folder.assetcatalog; path = "Preview Assets.xcassets"; sourceTree = "<group>"; };
		5BFEB4A5282EC2BD003C9D05 /* GoogleService-Info.plist */ = {isa = PBXFileReference; fileEncoding = 4; lastKnownFileType = text.plist.xml; path = "GoogleService-Info.plist"; sourceTree = "<group>"; };
		5BFEB4A7282EC939003C9D05 /* UploadView.swift */ = {isa = PBXFileReference; lastKnownFileType = sourcecode.swift; path = UploadView.swift; sourceTree = "<group>"; };
		5BFEB4A9282EC944003C9D05 /* PlayerView.swift */ = {isa = PBXFileReference; lastKnownFileType = sourcecode.swift; path = PlayerView.swift; sourceTree = "<group>"; };
		9F34D7819233278750DE47FB /* Pods-assign5.debug.xcconfig */ = {isa = PBXFileReference; includeInIndex = 1; lastKnownFileType = text.xcconfig; name = "Pods-assign5.debug.xcconfig"; path = "Target Support Files/Pods-assign5/Pods-assign5.debug.xcconfig"; sourceTree = "<group>"; };
		A3494561061610E4AA477E1D /* Pods-assign5.release.xcconfig */ = {isa = PBXFileReference; includeInIndex = 1; lastKnownFileType = text.xcconfig; name = "Pods-assign5.release.xcconfig"; path = "Target Support Files/Pods-assign5/Pods-assign5.release.xcconfig"; sourceTree = "<group>"; };
		AE10647BDCB56DEC38758991 /* Pods_assign5.framework */ = {isa = PBXFileReference; explicitFileType = wrapper.framework; includeInIndex = 0; path = Pods_assign5.framework; sourceTree = BUILT_PRODUCTS_DIR; };
/* End PBXFileReference section */

/* Begin PBXFrameworksBuildPhase section */
		5B4CE986282B6D0D005AF632 /* Frameworks */ = {
			isa = PBXFrameworksBuildPhase;
			buildActionMask = 2147483647;
			files = (
				BDDA28DB375D3066D014D679 /* Pods_assign5.framework in Frameworks */,
			);
			runOnlyForDeploymentPostprocessing = 0;
		};
/* End PBXFrameworksBuildPhase section */

/* Begin PBXGroup section */
		46EB25F8F5EE1CBE10EB6B1B /* Pods */ = {
			isa = PBXGroup;
			children = (
				9F34D7819233278750DE47FB /* Pods-assign5.debug.xcconfig */,
				A3494561061610E4AA477E1D /* Pods-assign5.release.xcconfig */,
			);
			path = Pods;
			sourceTree = "<group>";
		};
		4F2177D9779D174A264041EB /* Frameworks */ = {
			isa = PBXGroup;
			children = (
				AE10647BDCB56DEC38758991 /* Pods_assign5.framework */,
			);
			name = Frameworks;
			sourceTree = "<group>";
		};
		5B4CE980282B6D0C005AF632 = {
			isa = PBXGroup;
			children = (
				5B4CE98B282B6D0D005AF632 /* assign5 */,
				5B4CE98A282B6D0D005AF632 /* Products */,
				46EB25F8F5EE1CBE10EB6B1B /* Pods */,
				4F2177D9779D174A264041EB /* Frameworks */,
			);
			sourceTree = "<group>";
		};
		5B4CE98A282B6D0D005AF632 /* Products */ = {
			isa = PBXGroup;
			children = (
				5B4CE989282B6D0D005AF632 /* assign5.app */,
			);
			name = Products;
			sourceTree = "<group>";
		};
		5B4CE98B282B6D0D005AF632 /* assign5 */ = {
			isa = PBXGroup;
			children = (
				5BFEB4A5282EC2BD003C9D05 /* GoogleService-Info.plist */,
				5B4CE98C282B6D0D005AF632 /* assign5App.swift */,
				5BFEB4A9282EC944003C9D05 /* PlayerView.swift */,
				5BFEB4A7282EC939003C9D05 /* UploadView.swift */,
				5B4CE98E282B6D0D005AF632 /* ContentView.swift */,
				5B4CE990282B6D0E005AF632 /* Assets.xcassets */,
				5B4CE992282B6D0E005AF632 /* Preview Content */,
			);
			path = assign5;
			sourceTree = "<group>";
		};
		5B4CE992282B6D0E005AF632 /* Preview Content */ = {
			isa = PBXGroup;
			children = (
				5B4CE993282B6D0E005AF632 /* Preview Assets.xcassets */,
			);
			path = "Preview Content";
			sourceTree = "<group>";
		};
/* End PBXGroup section */

/* Begin PBXNativeTarget section */
		5B4CE988282B6D0D005AF632 /* assign5 */ = {
			isa = PBXNativeTarget;
			buildConfigurationList = 5B4CE997282B6D0E005AF632 /* Build configuration list for PBXNativeTarget "assign5" */;
			buildPhases = (
				5EB9D3C8F13F2B164B253CD4 /* [CP] Check Pods Manifest.lock */,
				5B4CE985282B6D0D005AF632 /* Sources */,
				5B4CE986282B6D0D005AF632 /* Frameworks */,
				5B4CE987282B6D0D005AF632 /* Resources */,
				8010834D1F9D8677ED40033A /* [CP] Embed Pods Frameworks */,
			);
			buildRules = (
			);
			dependencies = (
			);
			name = assign5;
			productName = assign5;
			productReference = 5B4CE989282B6D0D005AF632 /* assign5.app */;
			productType = "com.apple.product-type.application";
		};
/* End PBXNativeTarget section */

/* Begin PBXProject section */
		5B4CE981282B6D0C005AF632 /* Project object */ = {
			isa = PBXProject;
			attributes = {
				BuildIndependentTargetsInParallel = 1;
				LastSwiftUpdateCheck = 1320;
				LastUpgradeCheck = 1320;
				TargetAttributes = {
					5B4CE988282B6D0D005AF632 = {
						CreatedOnToolsVersion = 13.2.1;
					};
				};
			};
			buildConfigurationList = 5B4CE984282B6D0C005AF632 /* Build configuration list for PBXProject "assign5" */;
			compatibilityVersion = "Xcode 13.0";
			developmentRegion = en;
			hasScannedForEncodings = 0;
			knownRegions = (
				en,
				Base,
			);
			mainGroup = 5B4CE980282B6D0C005AF632;
			productRefGroup = 5B4CE98A282B6D0D005AF632 /* Products */;
			projectDirPath = "";
			projectRoot = "";
			targets = (
				5B4CE988282B6D0D005AF632 /* assign5 */,
			);
		};
/* End PBXProject section */

/* Begin PBXResourcesBuildPhase section */
		5B4CE987282B6D0D005AF632 /* Resources */ = {
			isa = PBXResourcesBuildPhase;
			buildActionMask = 2147483647;
			files = (
				5B4CE994282B6D0E005AF632 /* Preview Assets.xcassets in Resources */,
				5B4CE991282B6D0E005AF632 /* Assets.xcassets in Resources */,
				5BFEB4A6282EC2BD003C9D05 /* GoogleService-Info.plist in Resources */,
			);
			runOnlyForDeploymentPostprocessing = 0;
		};
/* End PBXResourcesBuildPhase section */

/* Begin PBXShellScriptBuildPhase section */
		5EB9D3C8F13F2B164B253CD4 /* [CP] Check Pods Manifest.lock */ = {
			isa = PBXShellScriptBuildPhase;
			buildActionMask = 2147483647;
			files = (
			);
			inputFileListPaths = (
			);
			inputPaths = (
				"${PODS_PODFILE_DIR_PATH}/Podfile.lock",
				"${PODS_ROOT}/Manifest.lock",
			);
			name = "[CP] Check Pods Manifest.lock";
			outputFileListPaths = (
			);
			outputPaths = (
				"$(DERIVED_FILE_DIR)/Pods-assign5-checkManifestLockResult.txt",
			);
			runOnlyForDeploymentPostprocessing = 0;
			shellPath = /bin/sh;
			shellScript = "diff \"${PODS_PODFILE_DIR_PATH}/Podfile.lock\" \"${PODS_ROOT}/Manifest.lock\" > /dev/null\nif [ $? != 0 ] ; then\n    # print error to STDERR\n    echo \"error: The sandbox is not in sync with the Podfile.lock. Run 'pod install' or update your CocoaPods installation.\" >&2\n    exit 1\nfi\n# This output is used by Xcode 'outputs' to avoid re-running this script phase.\necho \"SUCCESS\" > \"${SCRIPT_OUTPUT_FILE_0}\"\n";
			showEnvVarsInLog = 0;
		};
		8010834D1F9D8677ED40033A /* [CP] Embed Pods Frameworks */ = {
			isa = PBXShellScriptBuildPhase;
			buildActionMask = 2147483647;
			files = (
			);
			inputFileListPaths = (
				"${PODS_ROOT}/Target Support Files/Pods-assign5/Pods-assign5-frameworks-${CONFIGURATION}-input-files.xcfilelist",
			);
			name = "[CP] Embed Pods Frameworks";
			outputFileListPaths = (
				"${PODS_ROOT}/Target Support Files/Pods-assign5/Pods-assign5-frameworks-${CONFIGURATION}-output-files.xcfilelist",
			);
			runOnlyForDeploymentPostprocessing = 0;
			shellPath = /bin/sh;
			shellScript = "\"${PODS_ROOT}/Target Support Files/Pods-assign5/Pods-assign5-frameworks.sh\"\n";
			showEnvVarsInLog = 0;
		};
/* End PBXShellScriptBuildPhase section */

/* Begin PBXSourcesBuildPhase section */
		5B4CE985282B6D0D005AF632 /* Sources */ = {
			isa = PBXSourcesBuildPhase;
			buildActionMask = 2147483647;
			files = (
				5BFEB4A8282EC939003C9D05 /* UploadView.swift in Sources */,
				5B4CE98F282B6D0D005AF632 /* ContentView.swift in Sources */,
				5B4CE98D282B6D0D005AF632 /* assign5App.swift in Sources */,
				5BFEB4AA282EC944003C9D05 /* PlayerView.swift in Sources */,
			);
			runOnlyForDeploymentPostprocessing = 0;
		};
/* End PBXSourcesBuildPhase section */

/* Begin XCBuildConfiguration section */
		5B4CE995282B6D0E005AF632 /* Debug */ = {
			isa = XCBuildConfiguration;
			buildSettings = {
				ALWAYS_SEARCH_USER_PATHS = NO;
				CLANG_ANALYZER_NONNULL = YES;
				CLANG_ANALYZER_NUMBER_OBJECT_CONVERSION = YES_AGGRESSIVE;
				CLANG_CXX_LANGUAGE_STANDARD = "gnu++17";
				CLANG_CXX_LIBRARY = "libc++";
				CLANG_ENABLE_MODULES = YES;
				CLANG_ENABLE_OBJC_ARC = YES;
				CLANG_ENABLE_OBJC_WEAK = YES;
				CLANG_WARN_BLOCK_CAPTURE_AUTORELEASING = YES;
				CLANG_WARN_BOOL_CONVERSION = YES;
				CLANG_WARN_COMMA = YES;
				CLANG_WARN_CONSTANT_CONVERSION = YES;
				CLANG_WARN_DEPRECATED_OBJC_IMPLEMENTATIONS = YES;
				CLANG_WARN_DIRECT_OBJC_ISA_USAGE = YES_ERROR;
				CLANG_WARN_DOCUMENTATION_COMMENTS = YES;
				CLANG_WARN_EMPTY_BODY = YES;
				CLANG_WARN_ENUM_CONVERSION = YES;
				CLANG_WARN_INFINITE_RECURSION = YES;
				CLANG_WARN_INT_CONVERSION = YES;
				CLANG_WARN_NON_LITERAL_NULL_CONVERSION = YES;
				CLANG_WARN_OBJC_IMPLICIT_RETAIN_SELF = YES;
				CLANG_WARN_OBJC_LITERAL_CONVERSION = YES;
				CLANG_WARN_OBJC_ROOT_CLASS = YES_ERROR;
				CLANG_WARN_QUOTED_INCLUDE_IN_FRAMEWORK_HEADER = YES;
				CLANG_WARN_RANGE_LOOP_ANALYSIS = YES;
				CLANG_WARN_STRICT_PROTOTYPES = YES;
				CLANG_WARN_SUSPICIOUS_MOVE = YES;
				CLANG_WARN_UNGUARDED_AVAILABILITY = YES_AGGRESSIVE;
				CLANG_WARN_UNREACHABLE_CODE = YES;
				CLANG_WARN__DUPLICATE_METHOD_MATCH = YES;
				COPY_PHASE_STRIP = NO;
				DEBUG_INFORMATION_FORMAT = dwarf;
				ENABLE_STRICT_OBJC_MSGSEND = YES;
				ENABLE_TESTABILITY = YES;
				GCC_C_LANGUAGE_STANDARD = gnu11;
				GCC_DYNAMIC_NO_PIC = NO;
				GCC_NO_COMMON_BLOCKS = YES;
				GCC_OPTIMIZATION_LEVEL = 0;
				GCC_PREPROCESSOR_DEFINITIONS = (
					"DEBUG=1",
					"$(inherited)",
				);
				GCC_WARN_64_TO_32_BIT_CONVERSION = YES;
				GCC_WARN_ABOUT_RETURN_TYPE = YES_ERROR;
				GCC_WARN_UNDECLARED_SELECTOR = YES;
				GCC_WARN_UNINITIALIZED_AUTOS = YES_AGGRESSIVE;
				GCC_WARN_UNUSED_FUNCTION = YES;
				GCC_WARN_UNUSED_VARIABLE = YES;
				IPHONEOS_DEPLOYMENT_TARGET = 15.2;
				MTL_ENABLE_DEBUG_INFO = INCLUDE_SOURCE;
				MTL_FAST_MATH = YES;
				ONLY_ACTIVE_ARCH = YES;
				SDKROOT = iphoneos;
				SWIFT_ACTIVE_COMPILATION_CONDITIONS = DEBUG;
				SWIFT_OPTIMIZATION_LEVEL = "-Onone";
			};
			name = Debug;
		};
		5B4CE996282B6D0E005AF632 /* Release */ = {
			isa = XCBuildConfiguration;
			buildSettings = {
				ALWAYS_SEARCH_USER_PATHS = NO;
				CLANG_ANALYZER_NONNULL = YES;
				CLANG_ANALYZER_NUMBER_OBJECT_CONVERSION = YES_AGGRESSIVE;
				CLANG_CXX_LANGUAGE_STANDARD = "gnu++17";
				CLANG_CXX_LIBRARY = "libc++";
				CLANG_ENABLE_MODULES = YES;
				CLANG_ENABLE_OBJC_ARC = YES;
				CLANG_ENABLE_OBJC_WEAK = YES;
				CLANG_WARN_BLOCK_CAPTURE_AUTORELEASING = YES;
				CLANG_WARN_BOOL_CONVERSION = YES;
				CLANG_WARN_COMMA = YES;
				CLANG_WARN_CONSTANT_CONVERSION = YES;
				CLANG_WARN_DEPRECATED_OBJC_IMPLEMENTATIONS = YES;
				CLANG_WARN_DIRECT_OBJC_ISA_USAGE = YES_ERROR;
				CLANG_WARN_DOCUMENTATION_COMMENTS = YES;
				CLANG_WARN_EMPTY_BODY = YES;
				CLANG_WARN_ENUM_CONVERSION = YES;
				CLANG_WARN_INFINITE_RECURSION = YES;
				CLANG_WARN_INT_CONVERSION = YES;
				CLANG_WARN_NON_LITERAL_NULL_CONVERSION = YES;
				CLANG_WARN_OBJC_IMPLICIT_RETAIN_SELF = YES;
				CLANG_WARN_OBJC_LITERAL_CONVERSION = YES;
				CLANG_WARN_OBJC_ROOT_CLASS = YES_ERROR;
				CLANG_WARN_QUOTED_INCLUDE_IN_FRAMEWORK_HEADER = YES;
				CLANG_WARN_RANGE_LOOP_ANALYSIS = YES;
				CLANG_WARN_STRICT_PROTOTYPES = YES;
				CLANG_WARN_SUSPICIOUS_MOVE = YES;
				CLANG_WARN_UNGUARDED_AVAILABILITY = YES_AGGRESSIVE;
				CLANG_WARN_UNREACHABLE_CODE = YES;
				CLANG_WARN__DUPLICATE_METHOD_MATCH = YES;
				COPY_PHASE_STRIP = NO;
				DEBUG_INFORMATION_FORMAT = "dwarf-with-dsym";
				ENABLE_NS_ASSERTIONS = NO;
				ENABLE_STRICT_OBJC_MSGSEND = YES;
				GCC_C_LANGUAGE_STANDARD = gnu11;
				GCC_NO_COMMON_BLOCKS = YES;
				GCC_WARN_64_TO_32_BIT_CONVERSION = YES;
				GCC_WARN_ABOUT_RETURN_TYPE = YES_ERROR;
				GCC_WARN_UNDECLARED_SELECTOR = YES;
				GCC_WARN_UNINITIALIZED_AUTOS = YES_AGGRESSIVE;
				GCC_WARN_UNUSED_FUNCTION = YES;
				GCC_WARN_UNUSED_VARIABLE = YES;
				IPHONEOS_DEPLOYMENT_TARGET = 15.2;
				MTL_ENABLE_DEBUG_INFO = NO;
				MTL_FAST_MATH = YES;
				SDKROOT = iphoneos;
				SWIFT_COMPILATION_MODE = wholemodule;
				SWIFT_OPTIMIZATION_LEVEL = "-O";
				VALIDATE_PRODUCT = YES;
			};
			name = Release;
		};
		5B4CE998282B6D0E005AF632 /* Debug */ = {
			isa = XCBuildConfiguration;
			baseConfigurationReference = 9F34D7819233278750DE47FB /* Pods-assign5.debug.xcconfig */;
			buildSettings = {
				ASSETCATALOG_COMPILER_APPICON_NAME = AppIcon;
				ASSETCATALOG_COMPILER_GLOBAL_ACCENT_COLOR_NAME = AccentColor;
				CODE_SIGN_STYLE = Automatic;
				CURRENT_PROJECT_VERSION = 1;
				DEVELOPMENT_ASSET_PATHS = "\"assign5/Preview Content\"";
				ENABLE_PREVIEWS = YES;
				GENERATE_INFOPLIST_FILE = YES;
				INFOPLIST_KEY_UIApplicationSceneManifest_Generation = YES;
				INFOPLIST_KEY_UIApplicationSupportsIndirectInputEvents = YES;
				INFOPLIST_KEY_UILaunchScreen_Generation = YES;
				INFOPLIST_KEY_UISupportedInterfaceOrientations_iPad = "UIInterfaceOrientationPortrait UIInterfaceOrientationPortraitUpsideDown UIInterfaceOrientationLandscapeLeft UIInterfaceOrientationLandscapeRight";
				INFOPLIST_KEY_UISupportedInterfaceOrientations_iPhone = "UIInterfaceOrientationPortrait UIInterfaceOrientationLandscapeLeft UIInterfaceOrientationLandscapeRight";
				LD_RUNPATH_SEARCH_PATHS = (
					"$(inherited)",
					"@executable_path/Frameworks",
				);
				MARKETING_VERSION = 1.0;
				PRODUCT_BUNDLE_IDENTIFIER = edu.maryland.cmsc436.spring2021.openTok.assign5;
				PRODUCT_NAME = "$(TARGET_NAME)";
				SWIFT_EMIT_LOC_STRINGS = YES;
				SWIFT_VERSION = 5.0;
				TARGETED_DEVICE_FAMILY = "1,2";
			};
			name = Debug;
		};
		5B4CE999282B6D0E005AF632 /* Release */ = {
			isa = XCBuildConfiguration;
			baseConfigurationReference = A3494561061610E4AA477E1D /* Pods-assign5.release.xcconfig */;
			buildSettings = {
				ASSETCATALOG_COMPILER_APPICON_NAME = AppIcon;
				ASSETCATALOG_COMPILER_GLOBAL_ACCENT_COLOR_NAME = AccentColor;
				CODE_SIGN_STYLE = Automatic;
				CURRENT_PROJECT_VERSION = 1;
				DEVELOPMENT_ASSET_PATHS = "\"assign5/Preview Content\"";
				ENABLE_PREVIEWS = YES;
				GENERATE_INFOPLIST_FILE = YES;
				INFOPLIST_KEY_UIApplicationSceneManifest_Generation = YES;
				INFOPLIST_KEY_UIApplicationSupportsIndirectInputEvents = YES;
				INFOPLIST_KEY_UILaunchScreen_Generation = YES;
				INFOPLIST_KEY_UISupportedInterfaceOrientations_iPad = "UIInterfaceOrientationPortrait UIInterfaceOrientationPortraitUpsideDown UIInterfaceOrientationLandscapeLeft UIInterfaceOrientationLandscapeRight";
				INFOPLIST_KEY_UISupportedInterfaceOrientations_iPhone = "UIInterfaceOrientationPortrait UIInterfaceOrientationLandscapeLeft UIInterfaceOrientationLandscapeRight";
				LD_RUNPATH_SEARCH_PATHS = (
					"$(inherited)",
					"@executable_path/Frameworks",
				);
				MARKETING_VERSION = 1.0;
				PRODUCT_BUNDLE_IDENTIFIER = edu.maryland.cmsc436.spring2021.openTok.assign5;
				PRODUCT_NAME = "$(TARGET_NAME)";
				SWIFT_EMIT_LOC_STRINGS = YES;
				SWIFT_VERSION = 5.0;
				TARGETED_DEVICE_FAMILY = "1,2";
			};
			name = Release;
		};
/* End XCBuildConfiguration section */

/* Begin XCConfigurationList section */
		5B4CE984282B6D0C005AF632 /* Build configuration list for PBXProject "assign5" */ = {
			isa = XCConfigurationList;
			buildConfigurations = (
				5B4CE995282B6D0E005AF632 /* Debug */,
				5B4CE996282B6D0E005AF632 /* Release */,
			);
			defaultConfigurationIsVisible = 0;
			defaultConfigurationName = Release;
		};
		5B4CE997282B6D0E005AF632 /* Build configuration list for PBXNativeTarget "assign5" */ = {
			isa = XCConfigurationList;
			buildConfigurations = (
				5B4CE998282B6D0E005AF632 /* Debug */,
				5B4CE999282B6D0E005AF632 /* Release */,
			);
			defaultConfigurationIsVisible = 0;
			defaultConfigurationName = Release;
		};
/* End XCConfigurationList section */
	};
	rootObject = 5B4CE981282B6D0C005AF632 /* Project object */;
}
